
Microsoft Visual Studio Solution File, Format Version 12.00
# Visual Studio Version 17
VisualStudioVersion = 17.3.32804.467
MinimumVisualStudioVersion = 10.0.40219.1
Project("{FAE04EC0-301F-11D3-BF4B-00C04F79EFBC}") = "ClaimBasedAuthorizationSample", "ClaimBasedAuthorizationSample\ClaimBasedAuthorizationSample.csproj", "{4C36453C-69DA-456C-95C5-7FA14D412835}"
EndProject
Global
	GlobalSection(SolutionConfigurationPlatforms) = preSolution
		Debug|Any CPU = Debug|Any CPU
		Release|Any CPU = Release|Any CPU
	EndGlobalSection
	GlobalSection(ProjectConfigurationPlatforms) = postSolution
		{4C36453C-69DA-456C-95C5-7FA14D412835}.Debug|Any CPU.ActiveCfg = Debug|Any CPU
		{4C36453C-69DA-456C-95C5-7FA14D412835}.Debug|Any CPU.Build.0 = Debug|Any CPU
		{4C36453C-69DA-456C-95C5-7FA14D412835}.Release|Any CPU.ActiveCfg = Release|Any CPU
		{4C36453C-69DA-456C-95C5-7FA14D412835}.Release|Any CPU.Build.0 = Release|Any CPU
	EndGlobalSection
	GlobalSection(SolutionProperties) = preSolution
		HideSolutionNode = FALSE
	EndGlobalSection
	GlobalSection(ExtensibilityGlobals) = postSolution
		SolutionGuid = {1523E4FD-7DCF-41F7-8929-E6AE73DA7407}
	EndGlobalSection
EndGlobal
